
Microsoft Visual Studio Solution File, Format Version 12.00
# Visual Studio Version 17
VisualStudioVersion = 17.4.33205.214
MinimumVisualStudioVersion = 10.0.40219.1
Project("{9A19103F-16F7-4668-BE54-9A1E7A4F7556}") = "DependencyInjection", "DependencyInjection\DependencyInjection.csproj", "{D1F88A05-7A4F-48E8-84A6-1C04E17DD33E}"
EndProject
Project("{9A19103F-16F7-4668-BE54-9A1E7A4F7556}") = "AzureAppConfigurationWithFeatureFlags", "WebTechnologies\Azure\AzureAppConfigurationWithFeatureFlags\AzureAppConfigurationWithFeatureFlags.csproj", "{8849B2F1-0EEF-4F26-9370-1444C43AE5E5}"
EndProject
Project("{9A19103F-16F7-4668-BE54-9A1E7A4F7556}") = "RestApi", "WebTechnologies\REST\RestApi\RestApi.csproj", "{D5046FFA-9EF1-4A16-9AAB-DAF61E2F054B}"
EndProject
Project("{9A19103F-16F7-4668-BE54-9A1E7A4F7556}") = "RestApi.Application", "WebTechnologies\REST\RestApi.Application\RestApi.Application.csproj", "{200E79F6-EC5E-4734-87D1-0BF7B05B1CE9}"
EndProject
Project("{9A19103F-16F7-4668-BE54-9A1E7A4F7556}") = "RestApi.Contracts", "WebTechnologies\REST\RestApi.Contracts\RestApi.Contracts.csproj", "{37CB305F-5910-4721-91D5-31B086CD7F12}"
EndProject
Project("{00D1A9C2-B5F0-4AF3-8072-F6C62B433612}") = "RestApi.Database", "WebTechnologies\REST\RestApi.Database\RestApi.Database.sqlproj", "{E0E971E2-9257-414B-BBE4-6DBDD7CF35C5}"
EndProject
Project("{FAE04EC0-301F-11D3-BF4B-00C04F79EFBC}") = "AddingAzureAppConfigAndManagedIdentityToBlobStorage", ".Net Framework\AddingAzureAppConfigAndManagedIdentityToBlobStorage\AddingAzureAppConfigAndManagedIdentityToBlobStorage\AddingAzureAppConfigAndManagedIdentityToBlobStorage.csproj", "{537DC432-969A-455C-83B8-33A88929C6DD}"
EndProject
Project("{9A19103F-16F7-4668-BE54-9A1E7A4F7556}") = "InterceptorOAuthToNTLM", "InterceptorOAuthToNTLM\InterceptorOAuthToNTLM.csproj", "{A91CB400-1FD8-4CBE-B5D8-E9FEA9FC30E0}"
EndProject
Project("{FAE04EC0-301F-11D3-BF4B-00C04F79EFBC}") = "DotNetFrameworkUsingManagedIdentityWithTerraform", ".Net Framework\DotNetFrameworkUsingManagedIdentityWithTerraform\DotNetFrameworkUsingManagedIdentityWithTerraform.csproj", "{03BED554-6637-4E3A-88EB-9CFF6A77AEF7}"
EndProject
Project("{9A19103F-16F7-4668-BE54-9A1E7A4F7556}") = "CoconaConsoleApplication", "ConsoleApplications\CoconaConsoleApplication\CoconaConsoleApplication.csproj", "{466E769A-08CC-4B03-AC06-06183CFC8320}"
EndProject
Project("{9A19103F-16F7-4668-BE54-9A1E7A4F7556}") = "TwoAuthentications", "WebTechnologies\TwoAuthenticationTypes\TwoAuthentications\TwoAuthentications.csproj", "{3117B865-0741-407A-962E-FCD20F6393DF}"
EndProject
Project("{9A19103F-16F7-4668-BE54-9A1E7A4F7556}") = "Eventer", "POC\EventHub\Eventer\Eventer.csproj", "{44931183-7EB7-4C06-BAD2-AB9C7B9F53DA}"
EndProject
Project("{9A19103F-16F7-4668-BE54-9A1E7A4F7556}") = "EventListenerFunctionApp", "POC\EventHub\EventListenerFunctionApp\EventListenerFunctionApp.csproj", "{F069211A-747F-42AF-B2A3-95CEF7E54B7F}"
EndProject
Project("{9A19103F-16F7-4668-BE54-9A1E7A4F7556}") = "EventerApi", "POC\EventHub\EventerApi\EventerApi.csproj", "{5264BEC1-9CBD-4A5D-99D5-1BBAF16821A6}"
EndProject
Project("{2150E333-8FDC-42A3-9474-1A3956D46DE8}") = "BillingApp", "BillingApp", "{BCF8BB57-589F-4796-A450-B55E2B4BCC6E}"
EndProject
Project("{9A19103F-16F7-4668-BE54-9A1E7A4F7556}") = "BillingApp.Core", "DatabaseAuditing\EfCore\BillingApp\BillingApp.Core\BillingApp.Core.csproj", "{9916040B-5DA1-48F0-A8DC-224A9FD35AA0}"
EndProject
Project("{9A19103F-16F7-4668-BE54-9A1E7A4F7556}") = "BillingApp.Infrastructure", "DatabaseAuditing\EfCore\BillingApp\BillingApp.Infrastructure\BillingApp.Infrastructure.csproj", "{120CBCB4-81AC-4F38-A7B6-054A8007FDAA}"
EndProject
Project("{00D1A9C2-B5F0-4AF3-8072-F6C62B433612}") = "BillingApp.Database", "DatabaseAuditing\EfCore\BillingApp\BillingApp.Database\BillingApp.Database.sqlproj", "{0A78A0AF-5EAF-476B-AFF9-63B9DB1AB038}"
EndProject
Project("{FAE04EC0-301F-11D3-BF4B-00C04F79EFBC}") = "BillingApp.Api", "DatabaseAuditing\EfCore\BillingApp\BillingApp.Api\BillingApp.Api.csproj", "{85A78CA0-D39E-45A2-BCD7-E7C84285CE47}"
EndProject
Project("{FAE04EC0-301F-11D3-BF4B-00C04F79EFBC}") = "ToLogOrNotToLog", "Logging\ToLogOrNotToLog\ToLogOrNotToLog.csproj", "{03435634-DF9C-4753-8084-B882CD85B12B}"
EndProject
Project("{FAE04EC0-301F-11D3-BF4B-00C04F79EFBC}") = "GenericHostAndExplicitLogging", "Logging\GenericHostAndExplicitLogging\GenericHostAndExplicitLogging.csproj", "{932297D6-65DC-4F78-ADF5-12ECDD4343CB}"
EndProject
Project("{FAE04EC0-301F-11D3-BF4B-00C04F79EFBC}") = "ApplicationInsightsToAConsoleApp", "Logging\ApplicationInsightsToAConsoleApp\ApplicationInsightsToAConsoleApp.csproj", "{6D065A5B-6B44-4B2C-A3F7-D505730D28BD}"
EndProject
Project("{FAE04EC0-301F-11D3-BF4B-00C04F79EFBC}") = "SerilogExampleProject", "Logging\SerilogExampleProject\SerilogExampleProject.csproj", "{CF97590E-7A2C-44C5-B6C5-A9512CC21827}"
EndProject
Project("{FAE04EC0-301F-11D3-BF4B-00C04F79EFBC}") = "SerilogMinimalApi", "Logging\SerilogMinimalApi\SerilogMinimalApi.csproj", "{984C1E06-D01B-4E26-BD01-ED4DC0C9B5B5}"
EndProject
Project("{FAE04EC0-301F-11D3-BF4B-00C04F79EFBC}") = "SerilogWebApiDiAndProvider", "Logging\SerilogWebApiDiAndProvider\SerilogWebApiDiAndProvider.csproj", "{787625D5-6DBB-40FE-8FB7-5BD24A0C507B}"
EndProject
Project("{FAE04EC0-301F-11D3-BF4B-00C04F79EFBC}") = "HighPerformanceLogging", "Logging\HighPerformanceLogging\HighPerformanceLogging.csproj", "{07492278-18EA-4271-ABD5-0CE3E6254944}"
EndProject
Project("{FAE04EC0-301F-11D3-BF4B-00C04F79EFBC}") = "MonitoringAndAlerting", "Logging\MonitoringAndAlerting\MonitoringAndAlerting.csproj", "{1D74132D-6363-4DAB-A056-08F6E50595DB}"
EndProject
Global
	GlobalSection(SolutionConfigurationPlatforms) = preSolution
		Debug|Any CPU = Debug|Any CPU
		Release|Any CPU = Release|Any CPU
	EndGlobalSection
	GlobalSection(ProjectConfigurationPlatforms) = postSolution
		{D1F88A05-7A4F-48E8-84A6-1C04E17DD33E}.Debug|Any CPU.ActiveCfg = Debug|Any CPU
		{D1F88A05-7A4F-48E8-84A6-1C04E17DD33E}.Debug|Any CPU.Build.0 = Debug|Any CPU
		{D1F88A05-7A4F-48E8-84A6-1C04E17DD33E}.Release|Any CPU.ActiveCfg = Release|Any CPU
		{D1F88A05-7A4F-48E8-84A6-1C04E17DD33E}.Release|Any CPU.Build.0 = Release|Any CPU
		{8849B2F1-0EEF-4F26-9370-1444C43AE5E5}.Debug|Any CPU.ActiveCfg = Debug|Any CPU
		{8849B2F1-0EEF-4F26-9370-1444C43AE5E5}.Debug|Any CPU.Build.0 = Debug|Any CPU
		{8849B2F1-0EEF-4F26-9370-1444C43AE5E5}.Release|Any CPU.ActiveCfg = Release|Any CPU
		{8849B2F1-0EEF-4F26-9370-1444C43AE5E5}.Release|Any CPU.Build.0 = Release|Any CPU
		{D5046FFA-9EF1-4A16-9AAB-DAF61E2F054B}.Debug|Any CPU.ActiveCfg = Debug|Any CPU
		{D5046FFA-9EF1-4A16-9AAB-DAF61E2F054B}.Debug|Any CPU.Build.0 = Debug|Any CPU
		{D5046FFA-9EF1-4A16-9AAB-DAF61E2F054B}.Release|Any CPU.ActiveCfg = Release|Any CPU
		{D5046FFA-9EF1-4A16-9AAB-DAF61E2F054B}.Release|Any CPU.Build.0 = Release|Any CPU
		{200E79F6-EC5E-4734-87D1-0BF7B05B1CE9}.Debug|Any CPU.ActiveCfg = Debug|Any CPU
		{200E79F6-EC5E-4734-87D1-0BF7B05B1CE9}.Debug|Any CPU.Build.0 = Debug|Any CPU
		{200E79F6-EC5E-4734-87D1-0BF7B05B1CE9}.Release|Any CPU.ActiveCfg = Release|Any CPU
		{200E79F6-EC5E-4734-87D1-0BF7B05B1CE9}.Release|Any CPU.Build.0 = Release|Any CPU
		{37CB305F-5910-4721-91D5-31B086CD7F12}.Debug|Any CPU.ActiveCfg = Debug|Any CPU
		{37CB305F-5910-4721-91D5-31B086CD7F12}.Debug|Any CPU.Build.0 = Debug|Any CPU
		{37CB305F-5910-4721-91D5-31B086CD7F12}.Release|Any CPU.ActiveCfg = Release|Any CPU
		{37CB305F-5910-4721-91D5-31B086CD7F12}.Release|Any CPU.Build.0 = Release|Any CPU
		{E0E971E2-9257-414B-BBE4-6DBDD7CF35C5}.Debug|Any CPU.ActiveCfg = Debug|Any CPU
		{E0E971E2-9257-414B-BBE4-6DBDD7CF35C5}.Debug|Any CPU.Build.0 = Debug|Any CPU
		{E0E971E2-9257-414B-BBE4-6DBDD7CF35C5}.Debug|Any CPU.Deploy.0 = Debug|Any CPU
		{E0E971E2-9257-414B-BBE4-6DBDD7CF35C5}.Release|Any CPU.ActiveCfg = Release|Any CPU
		{E0E971E2-9257-414B-BBE4-6DBDD7CF35C5}.Release|Any CPU.Build.0 = Release|Any CPU
		{E0E971E2-9257-414B-BBE4-6DBDD7CF35C5}.Release|Any CPU.Deploy.0 = Release|Any CPU
		{537DC432-969A-455C-83B8-33A88929C6DD}.Debug|Any CPU.ActiveCfg = Debug|Any CPU
		{537DC432-969A-455C-83B8-33A88929C6DD}.Debug|Any CPU.Build.0 = Debug|Any CPU
		{537DC432-969A-455C-83B8-33A88929C6DD}.Release|Any CPU.ActiveCfg = Release|Any CPU
		{537DC432-969A-455C-83B8-33A88929C6DD}.Release|Any CPU.Build.0 = Release|Any CPU
		{A91CB400-1FD8-4CBE-B5D8-E9FEA9FC30E0}.Debug|Any CPU.ActiveCfg = Debug|Any CPU
		{A91CB400-1FD8-4CBE-B5D8-E9FEA9FC30E0}.Debug|Any CPU.Build.0 = Debug|Any CPU
		{A91CB400-1FD8-4CBE-B5D8-E9FEA9FC30E0}.Release|Any CPU.ActiveCfg = Release|Any CPU
		{A91CB400-1FD8-4CBE-B5D8-E9FEA9FC30E0}.Release|Any CPU.Build.0 = Release|Any CPU
		{03BED554-6637-4E3A-88EB-9CFF6A77AEF7}.Debug|Any CPU.ActiveCfg = Debug|Any CPU
		{03BED554-6637-4E3A-88EB-9CFF6A77AEF7}.Debug|Any CPU.Build.0 = Debug|Any CPU
		{03BED554-6637-4E3A-88EB-9CFF6A77AEF7}.Release|Any CPU.ActiveCfg = Release|Any CPU
		{03BED554-6637-4E3A-88EB-9CFF6A77AEF7}.Release|Any CPU.Build.0 = Release|Any CPU
		{466E769A-08CC-4B03-AC06-06183CFC8320}.Debug|Any CPU.ActiveCfg = Debug|Any CPU
		{466E769A-08CC-4B03-AC06-06183CFC8320}.Debug|Any CPU.Build.0 = Debug|Any CPU
		{466E769A-08CC-4B03-AC06-06183CFC8320}.Release|Any CPU.ActiveCfg = Release|Any CPU
		{466E769A-08CC-4B03-AC06-06183CFC8320}.Release|Any CPU.Build.0 = Release|Any CPU
		{3117B865-0741-407A-962E-FCD20F6393DF}.Debug|Any CPU.ActiveCfg = Debug|Any CPU
		{3117B865-0741-407A-962E-FCD20F6393DF}.Debug|Any CPU.Build.0 = Debug|Any CPU
		{3117B865-0741-407A-962E-FCD20F6393DF}.Release|Any CPU.ActiveCfg = Release|Any CPU
		{3117B865-0741-407A-962E-FCD20F6393DF}.Release|Any CPU.Build.0 = Release|Any CPU
		{44931183-7EB7-4C06-BAD2-AB9C7B9F53DA}.Debug|Any CPU.ActiveCfg = Debug|Any CPU
		{44931183-7EB7-4C06-BAD2-AB9C7B9F53DA}.Debug|Any CPU.Build.0 = Debug|Any CPU
		{44931183-7EB7-4C06-BAD2-AB9C7B9F53DA}.Release|Any CPU.ActiveCfg = Release|Any CPU
		{44931183-7EB7-4C06-BAD2-AB9C7B9F53DA}.Release|Any CPU.Build.0 = Release|Any CPU
		{F069211A-747F-42AF-B2A3-95CEF7E54B7F}.Debug|Any CPU.ActiveCfg = Debug|Any CPU
		{F069211A-747F-42AF-B2A3-95CEF7E54B7F}.Debug|Any CPU.Build.0 = Debug|Any CPU
		{F069211A-747F-42AF-B2A3-95CEF7E54B7F}.Release|Any CPU.ActiveCfg = Release|Any CPU
		{F069211A-747F-42AF-B2A3-95CEF7E54B7F}.Release|Any CPU.Build.0 = Release|Any CPU
		{5264BEC1-9CBD-4A5D-99D5-1BBAF16821A6}.Debug|Any CPU.ActiveCfg = Debug|Any CPU
		{5264BEC1-9CBD-4A5D-99D5-1BBAF16821A6}.Debug|Any CPU.Build.0 = Debug|Any CPU
		{5264BEC1-9CBD-4A5D-99D5-1BBAF16821A6}.Release|Any CPU.ActiveCfg = Release|Any CPU
		{5264BEC1-9CBD-4A5D-99D5-1BBAF16821A6}.Release|Any CPU.Build.0 = Release|Any CPU
		{9916040B-5DA1-48F0-A8DC-224A9FD35AA0}.Debug|Any CPU.ActiveCfg = Debug|Any CPU
		{9916040B-5DA1-48F0-A8DC-224A9FD35AA0}.Debug|Any CPU.Build.0 = Debug|Any CPU
		{9916040B-5DA1-48F0-A8DC-224A9FD35AA0}.Release|Any CPU.ActiveCfg = Release|Any CPU
		{9916040B-5DA1-48F0-A8DC-224A9FD35AA0}.Release|Any CPU.Build.0 = Release|Any CPU
		{120CBCB4-81AC-4F38-A7B6-054A8007FDAA}.Debug|Any CPU.ActiveCfg = Debug|Any CPU
		{120CBCB4-81AC-4F38-A7B6-054A8007FDAA}.Debug|Any CPU.Build.0 = Debug|Any CPU
		{120CBCB4-81AC-4F38-A7B6-054A8007FDAA}.Release|Any CPU.ActiveCfg = Release|Any CPU
		{120CBCB4-81AC-4F38-A7B6-054A8007FDAA}.Release|Any CPU.Build.0 = Release|Any CPU
		{0A78A0AF-5EAF-476B-AFF9-63B9DB1AB038}.Debug|Any CPU.ActiveCfg = Debug|Any CPU
		{0A78A0AF-5EAF-476B-AFF9-63B9DB1AB038}.Debug|Any CPU.Build.0 = Debug|Any CPU
		{0A78A0AF-5EAF-476B-AFF9-63B9DB1AB038}.Debug|Any CPU.Deploy.0 = Debug|Any CPU
		{0A78A0AF-5EAF-476B-AFF9-63B9DB1AB038}.Release|Any CPU.ActiveCfg = Release|Any CPU
		{0A78A0AF-5EAF-476B-AFF9-63B9DB1AB038}.Release|Any CPU.Build.0 = Release|Any CPU
		{0A78A0AF-5EAF-476B-AFF9-63B9DB1AB038}.Release|Any CPU.Deploy.0 = Release|Any CPU
		{85A78CA0-D39E-45A2-BCD7-E7C84285CE47}.Debug|Any CPU.ActiveCfg = Debug|Any CPU
		{85A78CA0-D39E-45A2-BCD7-E7C84285CE47}.Debug|Any CPU.Build.0 = Debug|Any CPU
		{85A78CA0-D39E-45A2-BCD7-E7C84285CE47}.Release|Any CPU.ActiveCfg = Release|Any CPU
		{85A78CA0-D39E-45A2-BCD7-E7C84285CE47}.Release|Any CPU.Build.0 = Release|Any CPU
		{03435634-DF9C-4753-8084-B882CD85B12B}.Debug|Any CPU.ActiveCfg = Debug|Any CPU
		{03435634-DF9C-4753-8084-B882CD85B12B}.Debug|Any CPU.Build.0 = Debug|Any CPU
		{03435634-DF9C-4753-8084-B882CD85B12B}.Release|Any CPU.ActiveCfg = Release|Any CPU
		{03435634-DF9C-4753-8084-B882CD85B12B}.Release|Any CPU.Build.0 = Release|Any CPU
		{932297D6-65DC-4F78-ADF5-12ECDD4343CB}.Debug|Any CPU.ActiveCfg = Debug|Any CPU
		{932297D6-65DC-4F78-ADF5-12ECDD4343CB}.Debug|Any CPU.Build.0 = Debug|Any CPU
		{932297D6-65DC-4F78-ADF5-12ECDD4343CB}.Release|Any CPU.ActiveCfg = Release|Any CPU
		{932297D6-65DC-4F78-ADF5-12ECDD4343CB}.Release|Any CPU.Build.0 = Release|Any CPU
		{6D065A5B-6B44-4B2C-A3F7-D505730D28BD}.Debug|Any CPU.ActiveCfg = Debug|Any CPU
		{6D065A5B-6B44-4B2C-A3F7-D505730D28BD}.Debug|Any CPU.Build.0 = Debug|Any CPU
		{6D065A5B-6B44-4B2C-A3F7-D505730D28BD}.Release|Any CPU.ActiveCfg = Release|Any CPU
		{6D065A5B-6B44-4B2C-A3F7-D505730D28BD}.Release|Any CPU.Build.0 = Release|Any CPU
		{CF97590E-7A2C-44C5-B6C5-A9512CC21827}.Debug|Any CPU.ActiveCfg = Debug|Any CPU
		{CF97590E-7A2C-44C5-B6C5-A9512CC21827}.Debug|Any CPU.Build.0 = Debug|Any CPU
		{CF97590E-7A2C-44C5-B6C5-A9512CC21827}.Release|Any CPU.ActiveCfg = Release|Any CPU
		{CF97590E-7A2C-44C5-B6C5-A9512CC21827}.Release|Any CPU.Build.0 = Release|Any CPU
		{984C1E06-D01B-4E26-BD01-ED4DC0C9B5B5}.Debug|Any CPU.ActiveCfg = Debug|Any CPU
		{984C1E06-D01B-4E26-BD01-ED4DC0C9B5B5}.Debug|Any CPU.Build.0 = Debug|Any CPU
		{984C1E06-D01B-4E26-BD01-ED4DC0C9B5B5}.Release|Any CPU.ActiveCfg = Release|Any CPU
		{984C1E06-D01B-4E26-BD01-ED4DC0C9B5B5}.Release|Any CPU.Build.0 = Release|Any CPU
		{787625D5-6DBB-40FE-8FB7-5BD24A0C507B}.Debug|Any CPU.ActiveCfg = Debug|Any CPU
		{787625D5-6DBB-40FE-8FB7-5BD24A0C507B}.Debug|Any CPU.Build.0 = Debug|Any CPU
		{787625D5-6DBB-40FE-8FB7-5BD24A0C507B}.Release|Any CPU.ActiveCfg = Release|Any CPU
		{787625D5-6DBB-40FE-8FB7-5BD24A0C507B}.Release|Any CPU.Build.0 = Release|Any CPU
		{07492278-18EA-4271-ABD5-0CE3E6254944}.Debug|Any CPU.ActiveCfg = Debug|Any CPU
		{07492278-18EA-4271-ABD5-0CE3E6254944}.Debug|Any CPU.Build.0 = Debug|Any CPU
		{07492278-18EA-4271-ABD5-0CE3E6254944}.Release|Any CPU.ActiveCfg = Release|Any CPU
		{07492278-18EA-4271-ABD5-0CE3E6254944}.Release|Any CPU.Build.0 = Release|Any CPU
		{1D74132D-6363-4DAB-A056-08F6E50595DB}.Debug|Any CPU.ActiveCfg = Debug|Any CPU
		{1D74132D-6363-4DAB-A056-08F6E50595DB}.Debug|Any CPU.Build.0 = Debug|Any CPU
		{1D74132D-6363-4DAB-A056-08F6E50595DB}.Release|Any CPU.ActiveCfg = Release|Any CPU
		{1D74132D-6363-4DAB-A056-08F6E50595DB}.Release|Any CPU.Build.0 = Release|Any CPU
	EndGlobalSection
	GlobalSection(SolutionProperties) = preSolution
		HideSolutionNode = FALSE
	EndGlobalSection
	GlobalSection(NestedProjects) = preSolution
		{9916040B-5DA1-48F0-A8DC-224A9FD35AA0} = {BCF8BB57-589F-4796-A450-B55E2B4BCC6E}
		{120CBCB4-81AC-4F38-A7B6-054A8007FDAA} = {BCF8BB57-589F-4796-A450-B55E2B4BCC6E}
		{0A78A0AF-5EAF-476B-AFF9-63B9DB1AB038} = {BCF8BB57-589F-4796-A450-B55E2B4BCC6E}
		{85A78CA0-D39E-45A2-BCD7-E7C84285CE47} = {BCF8BB57-589F-4796-A450-B55E2B4BCC6E}
	EndGlobalSection
	GlobalSection(ExtensibilityGlobals) = postSolution
		SolutionGuid = {C8299C23-390A-4F40-B1F0-223153817DF8}
	EndGlobalSection
EndGlobal
