
Microsoft Visual Studio Solution File, Format Version 12.00
# Visual Studio Version 17
VisualStudioVersion = 17.4.33205.214
MinimumVisualStudioVersion = 10.0.40219.1
Project("{FAE04EC0-301F-11D3-BF4B-00C04F79EFBC}") = "DependencyInjection", "DependencyInjection\DependencyInjection.csproj", "{D1F88A05-7A4F-48E8-84A6-1C04E17DD33E}"
EndProject
Project("{FAE04EC0-301F-11D3-BF4B-00C04F79EFBC}") = "AzureAppConfigurationWithFeatureFlags", "WebTechnologies\Azure\AzureAppConfigurationWithFeatureFlags\AzureAppConfigurationWithFeatureFlags.csproj", "{8849B2F1-0EEF-4F26-9370-1444C43AE5E5}"
EndProject
Project("{FAE04EC0-301F-11D3-BF4B-00C04F79EFBC}") = "RestApi", "WebTechnologies\REST\RestApi\RestApi.csproj", "{D5046FFA-9EF1-4A16-9AAB-DAF61E2F054B}"
EndProject
Global
	GlobalSection(SolutionConfigurationPlatforms) = preSolution
		Debug|Any CPU = Debug|Any CPU
		Release|Any CPU = Release|Any CPU
	EndGlobalSection
	GlobalSection(ProjectConfigurationPlatforms) = postSolution
		{D1F88A05-7A4F-48E8-84A6-1C04E17DD33E}.Debug|Any CPU.ActiveCfg = Debug|Any CPU
		{D1F88A05-7A4F-48E8-84A6-1C04E17DD33E}.Debug|Any CPU.Build.0 = Debug|Any CPU
		{D1F88A05-7A4F-48E8-84A6-1C04E17DD33E}.Release|Any CPU.ActiveCfg = Release|Any CPU
		{D1F88A05-7A4F-48E8-84A6-1C04E17DD33E}.Release|Any CPU.Build.0 = Release|Any CPU
		{8849B2F1-0EEF-4F26-9370-1444C43AE5E5}.Debug|Any CPU.ActiveCfg = Debug|Any CPU
		{8849B2F1-0EEF-4F26-9370-1444C43AE5E5}.Debug|Any CPU.Build.0 = Debug|Any CPU
		{8849B2F1-0EEF-4F26-9370-1444C43AE5E5}.Release|Any CPU.ActiveCfg = Release|Any CPU
		{8849B2F1-0EEF-4F26-9370-1444C43AE5E5}.Release|Any CPU.Build.0 = Release|Any CPU
		{D5046FFA-9EF1-4A16-9AAB-DAF61E2F054B}.Debug|Any CPU.ActiveCfg = Debug|Any CPU
		{D5046FFA-9EF1-4A16-9AAB-DAF61E2F054B}.Debug|Any CPU.Build.0 = Debug|Any CPU
		{D5046FFA-9EF1-4A16-9AAB-DAF61E2F054B}.Release|Any CPU.ActiveCfg = Release|Any CPU
		{D5046FFA-9EF1-4A16-9AAB-DAF61E2F054B}.Release|Any CPU.Build.0 = Release|Any CPU
	EndGlobalSection
	GlobalSection(SolutionProperties) = preSolution
		HideSolutionNode = FALSE
	EndGlobalSection
	GlobalSection(ExtensibilityGlobals) = postSolution
		SolutionGuid = {C8299C23-390A-4F40-B1F0-223153817DF8}
	EndGlobalSection
EndGlobal
